{
    "_readme": [
        "This file locks the dependencies of your project to a known state",
        "Read more about it at https://getcomposer.org/doc/01-basic-usage.md#composer-lock-the-lock-file",
        "This file is @generated automatically"
    ],
    "content-hash": "b06fcae410ca129605a9d643da8c3c9b",
    "packages": [
        {
            "name": "ddelivery/clientsdk",
            "version": "1.4.3",
            "source": {
                "type": "git",
                "url": "https://github.com/ddelivery/clientsdk2.git",
                "reference": "eb7a772d0ba0b1da771de5b6839c821f849cfa82"
            },
            "dist": {
                "type": "zip",
                "url": "https://api.github.com/repos/ddelivery/clientsdk2/zipball/eb7a772d0ba0b1da771de5b6839c821f849cfa82",
                "reference": "eb7a772d0ba0b1da771de5b6839c821f849cfa82",
                "shasum": ""
            },
            "type": "library",
            "extra": {
                "branch-alias": {
                    "dev-master": "1.2.x-dev"
                }
            },
            "autoload": {
                "psr-0": {
                    "DDelivery": "application/classes"
                }
            },
            "notification-url": "https://packagist.org/downloads/",
            "license": [
                "MIT"
            ],
            "description": "SDK for quick creation DDelivery client integration",
            "homepage": "http://ddelivery.ru/",
            "keywords": [
                "ddelivery",
                "sdk"
            ],
            "time": "2016-07-02T09:39:49+00:00"
        }
    ],
    "packages-dev": [],
    "aliases": [],
    "minimum-stability": "stable",
    "stability-flags": [],
    "prefer-stable": false,
    "prefer-lowest": false,
    "platform": [],
    "platform-dev": []
}
